<?xml version="1.0" encoding="utf-8"?>
<Project ToolsVersion="4.0" xmlns="http://schemas.microsoft.com/developer/msbuild/2003">
  <ItemGroup>
    <Filter Include="sl">
      <UniqueIdentifier>{65c45e7c-4417-4fc9-a7e3-d17b4c6dbe68}</UniqueIdentifier>
    </Filter>
  </ItemGroup>
  <ItemGroup>
    <MPL Include="sl\Array.mpl">
      <Filter>sl</Filter>
    </MPL>
    <MPL Include="sl\String.mpl">
      <Filter>sl</Filter>
    </MPL>
    <MPL Include="sl\algorithm.mpl">
      <Filter>sl</Filter>
    </MPL>
    <MPL Include="sl\control.mpl">
      <Filter>sl</Filter>
    </MPL>
    <MPL Include="sl\conventions.mpl">
      <Filter>sl</Filter>
    </MPL>
    <MPL Include="sl\memory.mpl">
      <Filter>sl</Filter>
    </MPL>
    <MPL Include="test.mpl" />
  </ItemGroup>
  <ItemGroup>
    <Natvis Include="mpl.sl.natvis" />
  </ItemGroup>
</Project>